
Microsoft Visual Studio Solution File, Format Version 12.00
# Visual Studio Version 17
VisualStudioVersion = 17.4.33122.133
MinimumVisualStudioVersion = 10.0.40219.1
Project("{FAE04EC0-301F-11D3-BF4B-00C04F79EFBC}") = "StackHeapString", "StackHeapString\StackHeapString.csproj", "{29BF16E7-3A32-4E67-AA42-23F1E4CDFEEE}"
EndProject
Global
	GlobalSection(SolutionConfigurationPlatforms) = preSolution
		Debug|Any CPU = Debug|Any CPU
		Release|Any CPU = Release|Any CPU
	EndGlobalSection
	GlobalSection(ProjectConfigurationPlatforms) = postSolution
		{29BF16E7-3A32-4E67-AA42-23F1E4CDFEEE}.Debug|Any CPU.ActiveCfg = Debug|Any CPU
		{29BF16E7-3A32-4E67-AA42-23F1E4CDFEEE}.Debug|Any CPU.Build.0 = Debug|Any CPU
		{29BF16E7-3A32-4E67-AA42-23F1E4CDFEEE}.Release|Any CPU.ActiveCfg = Release|Any CPU
		{29BF16E7-3A32-4E67-AA42-23F1E4CDFEEE}.Release|Any CPU.Build.0 = Release|Any CPU
	EndGlobalSection
	GlobalSection(SolutionProperties) = preSolution
		HideSolutionNode = FALSE
	EndGlobalSection
	GlobalSection(ExtensibilityGlobals) = postSolution
		SolutionGuid = {8178CBF3-2F24-4E85-BE4B-06C1DD0A52E3}
	EndGlobalSection
EndGlobal
